
Microsoft Visual Studio Solution File, Format Version 12.00
# Visual Studio Express 2013 for Windows Desktop
VisualStudioVersion = 12.0.30723.0
MinimumVisualStudioVersion = 10.0.40219.1
Project("{F184B08F-C81C-45F6-A57F-5ABD9991F28F}") = "VBNET_Login_And_Register", "VBNET_Login_And_Register\VBNET_Login_And_Register.vbproj", "{943AF785-0A2B-4CCE-9756-2346BCAB9A7E}"
EndProject
Global
	GlobalSection(SolutionConfigurationPlatforms) = preSolution
		Debug|Any CPU = Debug|Any CPU
		Release|Any CPU = Release|Any CPU
	EndGlobalSection
	GlobalSection(ProjectConfigurationPlatforms) = postSolution
		{943AF785-0A2B-4CCE-9756-2346BCAB9A7E}.Debug|Any CPU.ActiveCfg = Debug|Any CPU
		{943AF785-0A2B-4CCE-9756-2346BCAB9A7E}.Debug|Any CPU.Build.0 = Debug|Any CPU
		{943AF785-0A2B-4CCE-9756-2346BCAB9A7E}.Release|Any CPU.ActiveCfg = Release|Any CPU
		{943AF785-0A2B-4CCE-9756-2346BCAB9A7E}.Release|Any CPU.Build.0 = Release|Any CPU
	EndGlobalSection
	GlobalSection(SolutionProperties) = preSolution
		HideSolutionNode = FALSE
	EndGlobalSection
EndGlobal
